// !$*UTF8*$!
{
	archiveVersion = 1;
	classes = {
	};
	objectVersion = 48;
	objects = {

/* Begin PBXBuildFile section */
		83393F9F2198DE3F00504AF1 /* AppDelegate.swift in Sources */ = {isa = PBXBuildFile; fileRef = 83393F9E2198DE3F00504AF1 /* AppDelegate.swift */; };
		83393FA12198DE3F00504AF1 /* ViewController.swift in Sources */ = {isa = PBXBuildFile; fileRef = 83393FA02198DE3F00504AF1 /* ViewController.swift */; };
		83393FA42198DE3F00504AF1 /* Main.storyboard in Resources */ = {isa = PBXBuildFile; fileRef = 83393FA22198DE3F00504AF1 /* Main.storyboard */; };
		83393FA62198DE3F00504AF1 /* Assets.xcassets in Resources */ = {isa = PBXBuildFile; fileRef = 83393FA52198DE3F00504AF1 /* Assets.xcassets */; };
		83393FA92198DE3F00504AF1 /* LaunchScreen.storyboard in Resources */ = {isa = PBXBuildFile; fileRef = 83393FA72198DE3F00504AF1 /* LaunchScreen.storyboard */; };
		83393FB42198DE3F00504AF1 /* weather_appTests.swift in Sources */ = {isa = PBXBuildFile; fileRef = 83393FB32198DE3F00504AF1 /* weather_appTests.swift */; };
		83393FBF2198DE3F00504AF1 /* weather_appUITests.swift in Sources */ = {isa = PBXBuildFile; fileRef = 83393FBE2198DE3F00504AF1 /* weather_appUITests.swift */; };
/* End PBXBuildFile section */

/* Begin PBXContainerItemProxy section */
		83393FB02198DE3F00504AF1 /* PBXContainerItemProxy */ = {
			isa = PBXContainerItemProxy;
			containerPortal = 83393F932198DE3F00504AF1 /* Project object */;
			proxyType = 1;
			remoteGlobalIDString = 83393F9A2198DE3F00504AF1;
			remoteInfo = "weather app";
		};
		83393FBB2198DE3F00504AF1 /* PBXContainerItemProxy */ = {
			isa = PBXContainerItemProxy;
			containerPortal = 83393F932198DE3F00504AF1 /* Project object */;
			proxyType = 1;
			remoteGlobalIDString = 83393F9A2198DE3F00504AF1;
			remoteInfo = "weather app";
		};
/* End PBXContainerItemProxy section */

/* Begin PBXFileReference section */
		83393F9B2198DE3F00504AF1 /* weather app.app */ = {isa = PBXFileReference; explicitFileType = wrapper.application; includeInIndex = 0; path = "weather app.app"; sourceTree = BUILT_PRODUCTS_DIR; };
		83393F9E2198DE3F00504AF1 /* AppDelegate.swift */ = {isa = PBXFileReference; lastKnownFileType = sourcecode.swift; path = AppDelegate.swift; sourceTree = "<group>"; };
		83393FA02198DE3F00504AF1 /* ViewController.swift */ = {isa = PBXFileReference; lastKnownFileType = sourcecode.swift; path = ViewController.swift; sourceTree = "<group>"; };
		83393FA32198DE3F00504AF1 /* Base */ = {isa = PBXFileReference; lastKnownFileType = file.storyboard; name = Base; path = Base.lproj/Main.storyboard; sourceTree = "<group>"; };
		83393FA52198DE3F00504AF1 /* Assets.xcassets */ = {isa = PBXFileReference; lastKnownFileType = folder.assetcatalog; path = Assets.xcassets; sourceTree = "<group>"; };
		83393FA82198DE3F00504AF1 /* Base */ = {isa = PBXFileReference; lastKnownFileType = file.storyboard; name = Base; path = Base.lproj/LaunchScreen.storyboard; sourceTree = "<group>"; };
		83393FAA2198DE3F00504AF1 /* Info.plist */ = {isa = PBXFileReference; lastKnownFileType = text.plist.xml; path = Info.plist; sourceTree = "<group>"; };
		83393FAF2198DE3F00504AF1 /* weather appTests.xctest */ = {isa = PBXFileReference; explicitFileType = wrapper.cfbundle; includeInIndex = 0; path = "weather appTests.xctest"; sourceTree = BUILT_PRODUCTS_DIR; };
		83393FB32198DE3F00504AF1 /* weather_appTests.swift */ = {isa = PBXFileReference; lastKnownFileType = sourcecode.swift; path = weather_appTests.swift; sourceTree = "<group>"; };
		83393FB52198DE3F00504AF1 /* Info.plist */ = {isa = PBXFileReference; lastKnownFileType = text.plist.xml; path = Info.plist; sourceTree = "<group>"; };
		83393FBA2198DE3F00504AF1 /* weather appUITests.xctest */ = {isa = PBXFileReference; explicitFileType = wrapper.cfbundle; includeInIndex = 0; path = "weather appUITests.xctest"; sourceTree = BUILT_PRODUCTS_DIR; };
		83393FBE2198DE3F00504AF1 /* weather_appUITests.swift */ = {isa = PBXFileReference; lastKnownFileType = sourcecode.swift; path = weather_appUITests.swift; sourceTree = "<group>"; };
		83393FC02198DE3F00504AF1 /* Info.plist */ = {isa = PBXFileReference; lastKnownFileType = text.plist.xml; path = Info.plist; sourceTree = "<group>"; };
/* End PBXFileReference section */

/* Begin PBXFrameworksBuildPhase section */
		83393F982198DE3F00504AF1 /* Frameworks */ = {
			isa = PBXFrameworksBuildPhase;
			buildActionMask = 2147483647;
			files = (
			);
			runOnlyForDeploymentPostprocessing = 0;
		};
		83393FAC2198DE3F00504AF1 /* Frameworks */ = {
			isa = PBXFrameworksBuildPhase;
			buildActionMask = 2147483647;
			files = (
			);
			runOnlyForDeploymentPostprocessing = 0;
		};
		83393FB72198DE3F00504AF1 /* Frameworks */ = {
			isa = PBXFrameworksBuildPhase;
			buildActionMask = 2147483647;
			files = (
			);
			runOnlyForDeploymentPostprocessing = 0;
		};
/* End PBXFrameworksBuildPhase section */

/* Begin PBXGroup section */
		83393F922198DE3F00504AF1 = {
			isa = PBXGroup;
			children = (
				83393F9D2198DE3F00504AF1 /* weather app */,
				83393FB22198DE3F00504AF1 /* weather appTests */,
				83393FBD2198DE3F00504AF1 /* weather appUITests */,
				83393F9C2198DE3F00504AF1 /* Products */,
			);
			sourceTree = "<group>";
		};
		83393F9C2198DE3F00504AF1 /* Products */ = {
			isa = PBXGroup;
			children = (
				83393F9B2198DE3F00504AF1 /* weather app.app */,
				83393FAF2198DE3F00504AF1 /* weather appTests.xctest */,
				83393FBA2198DE3F00504AF1 /* weather appUITests.xctest */,
			);
			name = Products;
			sourceTree = "<group>";
		};
		83393F9D2198DE3F00504AF1 /* weather app */ = {
			isa = PBXGroup;
			children = (
				83393F9E2198DE3F00504AF1 /* AppDelegate.swift */,
				83393FA02198DE3F00504AF1 /* ViewController.swift */,
				83393FA22198DE3F00504AF1 /* Main.storyboard */,
				83393FA52198DE3F00504AF1 /* Assets.xcassets */,
				83393FA72198DE3F00504AF1 /* LaunchScreen.storyboard */,
				83393FAA2198DE3F00504AF1 /* Info.plist */,
			);
			path = "weather app";
			sourceTree = "<group>";
		};
		83393FB22198DE3F00504AF1 /* weather appTests */ = {
			isa = PBXGroup;
			children = (
				83393FB32198DE3F00504AF1 /* weather_appTests.swift */,
				83393FB52198DE3F00504AF1 /* Info.plist */,
			);
			path = "weather appTests";
			sourceTree = "<group>";
		};
		83393FBD2198DE3F00504AF1 /* weather appUITests */ = {
			isa = PBXGroup;
			children = (
				83393FBE2198DE3F00504AF1 /* weather_appUITests.swift */,
				83393FC02198DE3F00504AF1 /* Info.plist */,
			);
			path = "weather appUITests";
			sourceTree = "<group>";
		};
/* End PBXGroup section */

/* Begin PBXNativeTarget section */
		83393F9A2198DE3F00504AF1 /* weather app */ = {
			isa = PBXNativeTarget;
			buildConfigurationList = 83393FC32198DE3F00504AF1 /* Build configuration list for PBXNativeTarget "weather app" */;
			buildPhases = (
				83393F972198DE3F00504AF1 /* Sources */,
				83393F982198DE3F00504AF1 /* Frameworks */,
				83393F992198DE3F00504AF1 /* Resources */,
			);
			buildRules = (
			);
			dependencies = (
			);
			name = "weather app";
			productName = "weather app";
			productReference = 83393F9B2198DE3F00504AF1 /* weather app.app */;
			productType = "com.apple.product-type.application";
		};
		83393FAE2198DE3F00504AF1 /* weather appTests */ = {
			isa = PBXNativeTarget;
			buildConfigurationList = 83393FC62198DE3F00504AF1 /* Build configuration list for PBXNativeTarget "weather appTests" */;
			buildPhases = (
				83393FAB2198DE3F00504AF1 /* Sources */,
				83393FAC2198DE3F00504AF1 /* Frameworks */,
				83393FAD2198DE3F00504AF1 /* Resources */,
			);
			buildRules = (
			);
			dependencies = (
				83393FB12198DE3F00504AF1 /* PBXTargetDependency */,
			);
			name = "weather appTests";
			productName = "weather appTests";
			productReference = 83393FAF2198DE3F00504AF1 /* weather appTests.xctest */;
			productType = "com.apple.product-type.bundle.unit-test";
		};
		83393FB92198DE3F00504AF1 /* weather appUITests */ = {
			isa = PBXNativeTarget;
			buildConfigurationList = 83393FC92198DE3F00504AF1 /* Build configuration list for PBXNativeTarget "weather appUITests" */;
			buildPhases = (
				83393FB62198DE3F00504AF1 /* Sources */,
				83393FB72198DE3F00504AF1 /* Frameworks */,
				83393FB82198DE3F00504AF1 /* Resources */,
			);
			buildRules = (
			);
			dependencies = (
				83393FBC2198DE3F00504AF1 /* PBXTargetDependency */,
			);
			name = "weather appUITests";
			productName = "weather appUITests";
			productReference = 83393FBA2198DE3F00504AF1 /* weather appUITests.xctest */;
			productType = "com.apple.product-type.bundle.ui-testing";
		};
/* End PBXNativeTarget section */

/* Begin PBXProject section */
		83393F932198DE3F00504AF1 /* Project object */ = {
			isa = PBXProject;
			attributes = {
				LastSwiftUpdateCheck = 0900;
				LastUpgradeCheck = 0900;
				ORGANIZATIONNAME = "Ahmed abu elregal";
				TargetAttributes = {
					83393F9A2198DE3F00504AF1 = {
						CreatedOnToolsVersion = 9.0;
						ProvisioningStyle = Automatic;
					};
					83393FAE2198DE3F00504AF1 = {
						CreatedOnToolsVersion = 9.0;
						ProvisioningStyle = Automatic;
						TestTargetID = 83393F9A2198DE3F00504AF1;
					};
					83393FB92198DE3F00504AF1 = {
						CreatedOnToolsVersion = 9.0;
						ProvisioningStyle = Automatic;
						TestTargetID = 83393F9A2198DE3F00504AF1;
					};
				};
			};
			buildConfigurationList = 83393F962198DE3F00504AF1 /* Build configuration list for PBXProject "weather app" */;
			compatibilityVersion = "Xcode 8.0";
			developmentRegion = en;
			hasScannedForEncodings = 0;
			knownRegions = (
				en,
				Base,
			);
			mainGroup = 83393F922198DE3F00504AF1;
			productRefGroup = 83393F9C2198DE3F00504AF1 /* Products */;
			projectDirPath = "";
			projectRoot = "";
			targets = (
				83393F9A2198DE3F00504AF1 /* weather app */,
				83393FAE2198DE3F00504AF1 /* weather appTests */,
				83393FB92198DE3F00504AF1 /* weather appUITests */,
			);
		};
/* End PBXProject section */

/* Begin PBXResourcesBuildPhase section */
		83393F992198DE3F00504AF1 /* Resources */ = {
			isa = PBXResourcesBuildPhase;
			buildActionMask = 2147483647;
			files = (
				83393FA92198DE3F00504AF1 /* LaunchScreen.storyboard in Resources */,
				83393FA62198DE3F00504AF1 /* Assets.xcassets in Resources */,
				83393FA42198DE3F00504AF1 /* Main.storyboard in Resources */,
			);
			runOnlyForDeploymentPostprocessing = 0;
		};
		83393FAD2198DE3F00504AF1 /* Resources */ = {
			isa = PBXResourcesBuildPhase;
			buildActionMask = 2147483647;
			files = (
			);
			runOnlyForDeploymentPostprocessing = 0;
		};
		83393FB82198DE3F00504AF1 /* Resources */ = {
			isa = PBXResourcesBuildPhase;
			buildActionMask = 2147483647;
			files = (
			);
			runOnlyForDeploymentPostprocessing = 0;
		};
/* End PBXResourcesBuildPhase section */

/* Begin PBXSourcesBuildPhase section */
		83393F972198DE3F00504AF1 /* Sources */ = {
			isa = PBXSourcesBuildPhase;
			buildActionMask = 2147483647;
			files = (
				83393FA12198DE3F00504AF1 /* ViewController.swift in Sources */,
				83393F9F2198DE3F00504AF1 /* AppDelegate.swift in Sources */,
			);
			runOnlyForDeploymentPostprocessing = 0;
		};
		83393FAB2198DE3F00504AF1 /* Sources */ = {
			isa = PBXSourcesBuildPhase;
			buildActionMask = 2147483647;
			files = (
				83393FB42198DE3F00504AF1 /* weather_appTests.swift in Sources */,
			);
			runOnlyForDeploymentPostprocessing = 0;
		};
		83393FB62198DE3F00504AF1 /* Sources */ = {
			isa = PBXSourcesBuildPhase;
			buildActionMask = 2147483647;
			files = (
				83393FBF2198DE3F00504AF1 /* weather_appUITests.swift in Sources */,
			);
			runOnlyForDeploymentPostprocessing = 0;
		};
/* End PBXSourcesBuildPhase section */

/* Begin PBXTargetDependency section */
		83393FB12198DE3F00504AF1 /* PBXTargetDependency */ = {
			isa = PBXTargetDependency;
			target = 83393F9A2198DE3F00504AF1 /* weather app */;
			targetProxy = 83393FB02198DE3F00504AF1 /* PBXContainerItemProxy */;
		};
		83393FBC2198DE3F00504AF1 /* PBXTargetDependency */ = {
			isa = PBXTargetDependency;
			target = 83393F9A2198DE3F00504AF1 /* weather app */;
			targetProxy = 83393FBB2198DE3F00504AF1 /* PBXContainerItemProxy */;
		};
/* End PBXTargetDependency section */

/* Begin PBXVariantGroup section */
		83393FA22198DE3F00504AF1 /* Main.storyboard */ = {
			isa = PBXVariantGroup;
			children = (
				83393FA32198DE3F00504AF1 /* Base */,
			);
			name = Main.storyboard;
			sourceTree = "<group>";
		};
		83393FA72198DE3F00504AF1 /* LaunchScreen.storyboard */ = {
			isa = PBXVariantGroup;
			children = (
				83393FA82198DE3F00504AF1 /* Base */,
			);
			name = LaunchScreen.storyboard;
			sourceTree = "<group>";
		};
/* End PBXVariantGroup section */

/* Begin XCBuildConfiguration section */
		83393FC12198DE3F00504AF1 /* Debug */ = {
			isa = XCBuildConfiguration;
			buildSettings = {
				ALWAYS_SEARCH_USER_PATHS = NO;
				CLANG_ANALYZER_NONNULL = YES;
				CLANG_ANALYZER_NUMBER_OBJECT_CONVERSION = YES_AGGRESSIVE;
				CLANG_CXX_LANGUAGE_STANDARD = "gnu++14";
				CLANG_CXX_LIBRARY = "libc++";
				CLANG_ENABLE_MODULES = YES;
				CLANG_ENABLE_OBJC_ARC = YES;
				CLANG_WARN_BLOCK_CAPTURE_AUTORELEASING = YES;
				CLANG_WARN_BOOL_CONVERSION = YES;
				CLANG_WARN_COMMA = YES;
				CLANG_WARN_CONSTANT_CONVERSION = YES;
				CLANG_WARN_DIRECT_OBJC_ISA_USAGE = YES_ERROR;
				CLANG_WARN_DOCUMENTATION_COMMENTS = YES;
				CLANG_WARN_EMPTY_BODY = YES;
				CLANG_WARN_ENUM_CONVERSION = YES;
				CLANG_WARN_INFINITE_RECURSION = YES;
				CLANG_WARN_INT_CONVERSION = YES;
				CLANG_WARN_NON_LITERAL_NULL_CONVERSION = YES;
				CLANG_WARN_OBJC_LITERAL_CONVERSION = YES;
				CLANG_WARN_OBJC_ROOT_CLASS = YES_ERROR;
				CLANG_WARN_RANGE_LOOP_ANALYSIS = YES;
				CLANG_WARN_STRICT_PROTOTYPES = YES;
				CLANG_WARN_SUSPICIOUS_MOVE = YES;
				CLANG_WARN_UNGUARDED_AVAILABILITY = YES_AGGRESSIVE;
				CLANG_WARN_UNREACHABLE_CODE = YES;
				CLANG_WARN__DUPLICATE_METHOD_MATCH = YES;
				CODE_SIGN_IDENTITY = "iPhone Developer";
				COPY_PHASE_STRIP = NO;
				DEBUG_INFORMATION_FORMAT = dwarf;
				ENABLE_STRICT_OBJC_MSGSEND = YES;
				ENABLE_TESTABILITY = YES;
				GCC_C_LANGUAGE_STANDARD = gnu11;
				GCC_DYNAMIC_NO_PIC = NO;
				GCC_NO_COMMON_BLOCKS = YES;
				GCC_OPTIMIZATION_LEVEL = 0;
				GCC_PREPROCESSOR_DEFINITIONS = (
					"DEBUG=1",
					"$(inherited)",
				);
				GCC_WARN_64_TO_32_BIT_CONVERSION = YES;
				GCC_WARN_ABOUT_RETURN_TYPE = YES_ERROR;
				GCC_WARN_UNDECLARED_SELECTOR = YES;
				GCC_WARN_UNINITIALIZED_AUTOS = YES_AGGRESSIVE;
				GCC_WARN_UNUSED_FUNCTION = YES;
				GCC_WARN_UNUSED_VARIABLE = YES;
				IPHONEOS_DEPLOYMENT_TARGET = 11.0;
				MTL_ENABLE_DEBUG_INFO = YES;
				ONLY_ACTIVE_ARCH = YES;
				SDKROOT = iphoneos;
				SWIFT_ACTIVE_COMPILATION_CONDITIONS = DEBUG;
				SWIFT_OPTIMIZATION_LEVEL = "-Onone";
			};
			name = Debug;
		};
		83393FC22198DE3F00504AF1 /* Release */ = {
			isa = XCBuildConfiguration;
			buildSettings = {
				ALWAYS_SEARCH_USER_PATHS = NO;
				CLANG_ANALYZER_NONNULL = YES;
				CLANG_ANALYZER_NUMBER_OBJECT_CONVERSION = YES_AGGRESSIVE;
				CLANG_CXX_LANGUAGE_STANDARD = "gnu++14";
				CLANG_CXX_LIBRARY = "libc++";
				CLANG_ENABLE_MODULES = YES;
				CLANG_ENABLE_OBJC_ARC = YES;
				CLANG_WARN_BLOCK_CAPTURE_AUTORELEASING = YES;
				CLANG_WARN_BOOL_CONVERSION = YES;
				CLANG_WARN_COMMA = YES;
				CLANG_WARN_CONSTANT_CONVERSION = YES;
				CLANG_WARN_DIRECT_OBJC_ISA_USAGE = YES_ERROR;
				CLANG_WARN_DOCUMENTATION_COMMENTS = YES;
				CLANG_WARN_EMPTY_BODY = YES;
				CLANG_WARN_ENUM_CONVERSION = YES;
				CLANG_WARN_INFINITE_RECURSION = YES;
				CLANG_WARN_INT_CONVERSION = YES;
				CLANG_WARN_NON_LITERAL_NULL_CONVERSION = YES;
				CLANG_WARN_OBJC_LITERAL_CONVERSION = YES;
				CLANG_WARN_OBJC_ROOT_CLASS = YES_ERROR;
				CLANG_WARN_RANGE_LOOP_ANALYSIS = YES;
				CLANG_WARN_STRICT_PROTOTYPES = YES;
				CLANG_WARN_SUSPICIOUS_MOVE = YES;
				CLANG_WARN_UNGUARDED_AVAILABILITY = YES_AGGRESSIVE;
				CLANG_WARN_UNREACHABLE_CODE = YES;
				CLANG_WARN__DUPLICATE_METHOD_MATCH = YES;
				CODE_SIGN_IDENTITY = "iPhone Developer";
				COPY_PHASE_STRIP = NO;
				DEBUG_INFORMATION_FORMAT = "dwarf-with-dsym";
				ENABLE_NS_ASSERTIONS = NO;
				ENABLE_STRICT_OBJC_MSGSEND = YES;
				GCC_C_LANGUAGE_STANDARD = gnu11;
				GCC_NO_COMMON_BLOCKS = YES;
				GCC_WARN_64_TO_32_BIT_CONVERSION = YES;
				GCC_WARN_ABOUT_RETURN_TYPE = YES_ERROR;
				GCC_WARN_UNDECLARED_SELECTOR = YES;
				GCC_WARN_UNINITIALIZED_AUTOS = YES_AGGRESSIVE;
				GCC_WARN_UNUSED_FUNCTION = YES;
				GCC_WARN_UNUSED_VARIABLE = YES;
				IPHONEOS_DEPLOYMENT_TARGET = 11.0;
				MTL_ENABLE_DEBUG_INFO = NO;
				SDKROOT = iphoneos;
				SWIFT_OPTIMIZATION_LEVEL = "-Owholemodule";
				VALIDATE_PRODUCT = YES;
			};
			name = Release;
		};
		83393FC42198DE3F00504AF1 /* Debug */ = {
			isa = XCBuildConfiguration;
			buildSettings = {
				ASSETCATALOG_COMPILER_APPICON_NAME = AppIcon;
				CODE_SIGN_STYLE = Automatic;
				INFOPLIST_FILE = "weather app/Info.plist";
				LD_RUNPATH_SEARCH_PATHS = "$(inherited) @executable_path/Frameworks";
				PRODUCT_BUNDLE_IDENTIFIER = "weatherApp.weather-app";
				PRODUCT_NAME = "$(TARGET_NAME)";
				SWIFT_VERSION = 4.0;
				TARGETED_DEVICE_FAMILY = "1,2";
			};
			name = Debug;
		};
		83393FC52198DE3F00504AF1 /* Release */ = {
			isa = XCBuildConfiguration;
			buildSettings = {
				ASSETCATALOG_COMPILER_APPICON_NAME = AppIcon;
				CODE_SIGN_STYLE = Automatic;
				INFOPLIST_FILE = "weather app/Info.plist";
				LD_RUNPATH_SEARCH_PATHS = "$(inherited) @executable_path/Frameworks";
				PRODUCT_BUNDLE_IDENTIFIER = "weatherApp.weather-app";
				PRODUCT_NAME = "$(TARGET_NAME)";
				SWIFT_VERSION = 4.0;
				TARGETED_DEVICE_FAMILY = "1,2";
			};
			name = Release;
		};
		83393FC72198DE3F00504AF1 /* Debug */ = {
			isa = XCBuildConfiguration;
			buildSettings = {
				ALWAYS_EMBED_SWIFT_STANDARD_LIBRARIES = YES;
				BUNDLE_LOADER = "$(TEST_HOST)";
				CODE_SIGN_STYLE = Automatic;
				INFOPLIST_FILE = "weather appTests/Info.plist";
				LD_RUNPATH_SEARCH_PATHS = "$(inherited) @executable_path/Frameworks @loader_path/Frameworks";
				PRODUCT_BUNDLE_IDENTIFIER = "weatherApp.weather-appTests";
				PRODUCT_NAME = "$(TARGET_NAME)";
				SWIFT_VERSION = 4.0;
				TARGETED_DEVICE_FAMILY = "1,2";
				TEST_HOST = "$(BUILT_PRODUCTS_DIR)/weather app.app/weather app";
			};
			name = Debug;
		};
		83393FC82198DE3F00504AF1 /* Release */ = {
			isa = XCBuildConfiguration;
			buildSettings = {
				ALWAYS_EMBED_SWIFT_STANDARD_LIBRARIES = YES;
				BUNDLE_LOADER = "$(TEST_HOST)";
				CODE_SIGN_STYLE = Automatic;
				INFOPLIST_FILE = "weather appTests/Info.plist";
				LD_RUNPATH_SEARCH_PATHS = "$(inherited) @executable_path/Frameworks @loader_path/Frameworks";
				PRODUCT_BUNDLE_IDENTIFIER = "weatherApp.weather-appTests";
				PRODUCT_NAME = "$(TARGET_NAME)";
				SWIFT_VERSION = 4.0;
				TARGETED_DEVICE_FAMILY = "1,2";
				TEST_HOST = "$(BUILT_PRODUCTS_DIR)/weather app.app/weather app";
			};
			name = Release;
		};
		83393FCA2198DE3F00504AF1 /* Debug */ = {
			isa = XCBuildConfiguration;
			buildSettings = {
				ALWAYS_EMBED_SWIFT_STANDARD_LIBRARIES = YES;
				CODE_SIGN_STYLE = Automatic;
				INFOPLIST_FILE = "weather appUITests/Info.plist";
				LD_RUNPATH_SEARCH_PATHS = "$(inherited) @executable_path/Frameworks @loader_path/Frameworks";
				PRODUCT_BUNDLE_IDENTIFIER = "weatherApp.weather-appUITests";
				PRODUCT_NAME = "$(TARGET_NAME)";
				SWIFT_VERSION = 4.0;
				TARGETED_DEVICE_FAMILY = "1,2";
				TEST_TARGET_NAME = "weather app";
			};
			name = Debug;
		};
		83393FCB2198DE3F00504AF1 /* Release */ = {
			isa = XCBuildConfiguration;
			buildSettings = {
				ALWAYS_EMBED_SWIFT_STANDARD_LIBRARIES = YES;
				CODE_SIGN_STYLE = Automatic;
				INFOPLIST_FILE = "weather appUITests/Info.plist";
				LD_RUNPATH_SEARCH_PATHS = "$(inherited) @executable_path/Frameworks @loader_path/Frameworks";
				PRODUCT_BUNDLE_IDENTIFIER = "weatherApp.weather-appUITests";
				PRODUCT_NAME = "$(TARGET_NAME)";
				SWIFT_VERSION = 4.0;
				TARGETED_DEVICE_FAMILY = "1,2";
				TEST_TARGET_NAME = "weather app";
			};
			name = Release;
		};
/* End XCBuildConfiguration section */

/* Begin XCConfigurationList section */
		83393F962198DE3F00504AF1 /* Build configuration list for PBXProject "weather app" */ = {
			isa = XCConfigurationList;
			buildConfigurations = (
				83393FC12198DE3F00504AF1 /* Debug */,
				83393FC22198DE3F00504AF1 /* Release */,
			);
			defaultConfigurationIsVisible = 0;
			defaultConfigurationName = Release;
		};
		83393FC32198DE3F00504AF1 /* Build configuration list for PBXNativeTarget "weather app" */ = {
			isa = XCConfigurationList;
			buildConfigurations = (
				83393FC42198DE3F00504AF1 /* Debug */,
				83393FC52198DE3F00504AF1 /* Release */,
			);
			defaultConfigurationIsVisible = 0;
			defaultConfigurationName = Release;
		};
		83393FC62198DE3F00504AF1 /* Build configuration list for PBXNativeTarget "weather appTests" */ = {
			isa = XCConfigurationList;
			buildConfigurations = (
				83393FC72198DE3F00504AF1 /* Debug */,
				83393FC82198DE3F00504AF1 /* Release */,
			);
			defaultConfigurationIsVisible = 0;
			defaultConfigurationName = Release;
		};
		83393FC92198DE3F00504AF1 /* Build configuration list for PBXNativeTarget "weather appUITests" */ = {
			isa = XCConfigurationList;
			buildConfigurations = (
				83393FCA2198DE3F00504AF1 /* Debug */,
				83393FCB2198DE3F00504AF1 /* Release */,
			);
			defaultConfigurationIsVisible = 0;
			defaultConfigurationName = Release;
		};
/* End XCConfigurationList section */
	};
	rootObject = 83393F932198DE3F00504AF1 /* Project object */;
}
